
Microsoft Visual Studio Solution File, Format Version 12.00
# Visual Studio Version 16
VisualStudioVersion = 16.0.31129.286
MinimumVisualStudioVersion = 10.0.40219.1
Project("{FAE04EC0-301F-11D3-BF4B-00C04F79EFBC}") = "net-react-demo-backend", "net-react-demo-backend.csproj", "{AC9C85C0-114F-4A76-B858-019423F19C5B}"
EndProject
Global
	GlobalSection(SolutionConfigurationPlatforms) = preSolution
		Debug|Any CPU = Debug|Any CPU
		Release|Any CPU = Release|Any CPU
	EndGlobalSection
	GlobalSection(ProjectConfigurationPlatforms) = postSolution
		{AC9C85C0-114F-4A76-B858-019423F19C5B}.Debug|Any CPU.ActiveCfg = Debug|Any CPU
		{AC9C85C0-114F-4A76-B858-019423F19C5B}.Debug|Any CPU.Build.0 = Debug|Any CPU
		{AC9C85C0-114F-4A76-B858-019423F19C5B}.Release|Any CPU.ActiveCfg = Release|Any CPU
		{AC9C85C0-114F-4A76-B858-019423F19C5B}.Release|Any CPU.Build.0 = Release|Any CPU
	EndGlobalSection
	GlobalSection(SolutionProperties) = preSolution
		HideSolutionNode = FALSE
	EndGlobalSection
	GlobalSection(ExtensibilityGlobals) = postSolution
		SolutionGuid = {577AA3B8-12F5-4517-9456-10B627AF8483}
	EndGlobalSection
EndGlobal
